// !$*UTF8*$!
{
	archiveVersion = 1;
	classes = {
	};
	objectVersion = 51;
	objects = {

/* Begin PBXBuildFile section */
		3F3A3747237A45B900487B1C /* Pokemon.xcdatamodeld in Sources */ = {isa = PBXBuildFile; fileRef = 3F3A3745237A45B900487B1C /* Pokemon.xcdatamodeld */; };
		3F3A374A237A464800487B1C /* Pokemon+CoreDataClass.swift in Sources */ = {isa = PBXBuildFile; fileRef = 3F3A3748237A464800487B1C /* Pokemon+CoreDataClass.swift */; };
		3F3A374B237A464800487B1C /* Pokemon+CoreDataProperties.swift in Sources */ = {isa = PBXBuildFile; fileRef = 3F3A3749237A464800487B1C /* Pokemon+CoreDataProperties.swift */; };
		3F3A374E237A477200487B1C /* CoreDataManager.swift in Sources */ = {isa = PBXBuildFile; fileRef = 3F3A374C237A477200487B1C /* CoreDataManager.swift */; };
		3F3A3751237A47E200487B1C /* GalleryController+ NSFetchedResultsControllerDelegate.swift in Sources */ = {isa = PBXBuildFile; fileRef = 3F3A3750237A47E200487B1C /* GalleryController+ NSFetchedResultsControllerDelegate.swift */; };
		3FA5A4A32378E438007910BF /* AppDelegate.swift in Sources */ = {isa = PBXBuildFile; fileRef = 3FA5A4A22378E438007910BF /* AppDelegate.swift */; };
		3FA5A4A52378E438007910BF /* GalleryViewController.swift in Sources */ = {isa = PBXBuildFile; fileRef = 3FA5A4A42378E438007910BF /* GalleryViewController.swift */; };
		3FA5A4AA2378E439007910BF /* Assets.xcassets in Resources */ = {isa = PBXBuildFile; fileRef = 3FA5A4A92378E439007910BF /* Assets.xcassets */; };
		3FA5A4AD2378E439007910BF /* LaunchScreen.storyboard in Resources */ = {isa = PBXBuildFile; fileRef = 3FA5A4AB2378E439007910BF /* LaunchScreen.storyboard */; };
		3FA5A4B62378E6D0007910BF /* GalleryController.swift in Sources */ = {isa = PBXBuildFile; fileRef = 3FA5A4B52378E6D0007910BF /* GalleryController.swift */; };
		3FA5A4B82378E740007910BF /* GalleryViewProtocol.swift in Sources */ = {isa = PBXBuildFile; fileRef = 3FA5A4B72378E740007910BF /* GalleryViewProtocol.swift */; };
		3FA5A4BB2378E757007910BF /* PokeService.swift in Sources */ = {isa = PBXBuildFile; fileRef = 3FA5A4BA2378E757007910BF /* PokeService.swift */; };
		3FA5A4C12378E79C007910BF /* GalleryControllerProtocol.swift in Sources */ = {isa = PBXBuildFile; fileRef = 3FA5A4C02378E79C007910BF /* GalleryControllerProtocol.swift */; };
		3FA5A4C62378EEFE007910BF /* PSAPI.swift in Sources */ = {isa = PBXBuildFile; fileRef = 3FA5A4C52378EEFE007910BF /* PSAPI.swift */; };
		3FA5A4C82378EF48007910BF /* PSMonRequest.swift in Sources */ = {isa = PBXBuildFile; fileRef = 3FA5A4C72378EF48007910BF /* PSMonRequest.swift */; };
		3FA5A4CA2378FA68007910BF /* GalleryViewController+TableView.swift in Sources */ = {isa = PBXBuildFile; fileRef = 3FA5A4C92378FA68007910BF /* GalleryViewController+TableView.swift */; };
		3FA5A4CC2378FA72007910BF /* GalleryViewController+GalleryView.swift in Sources */ = {isa = PBXBuildFile; fileRef = 3FA5A4CB2378FA72007910BF /* GalleryViewController+GalleryView.swift */; };
		3FA5A4CE2378FB19007910BF /* PSImageRequest.swift in Sources */ = {isa = PBXBuildFile; fileRef = 3FA5A4CD2378FB19007910BF /* PSImageRequest.swift */; };
		B2334F2179A23ACC161CDF92 /* Pods_AlamoPokemon.framework in Frameworks */ = {isa = PBXBuildFile; fileRef = 25347A90EA56DBAD12E0C858 /* Pods_AlamoPokemon.framework */; };
/* End PBXBuildFile section */

/* Begin PBXFileReference section */
		25347A90EA56DBAD12E0C858 /* Pods_AlamoPokemon.framework */ = {isa = PBXFileReference; explicitFileType = wrapper.framework; includeInIndex = 0; path = Pods_AlamoPokemon.framework; sourceTree = BUILT_PRODUCTS_DIR; };
		38D5030F36643580E33719E6 /* Pods-AlamoPokemon.debug.xcconfig */ = {isa = PBXFileReference; includeInIndex = 1; lastKnownFileType = text.xcconfig; name = "Pods-AlamoPokemon.debug.xcconfig"; path = "Target Support Files/Pods-AlamoPokemon/Pods-AlamoPokemon.debug.xcconfig"; sourceTree = "<group>"; };
		3F3A3746237A45B900487B1C /* Pokemon.xcdatamodel */ = {isa = PBXFileReference; lastKnownFileType = wrapper.xcdatamodel; path = Pokemon.xcdatamodel; sourceTree = "<group>"; };
		3F3A3748237A464800487B1C /* Pokemon+CoreDataClass.swift */ = {isa = PBXFileReference; lastKnownFileType = sourcecode.swift; name = "Pokemon+CoreDataClass.swift"; path = "/Users/kevinyu/Desktop/AlamoPokemon/AlamoPokemon/Model/Pokemon+CoreDataClass.swift"; sourceTree = "<absolute>"; };
		3F3A3749237A464800487B1C /* Pokemon+CoreDataProperties.swift */ = {isa = PBXFileReference; lastKnownFileType = sourcecode.swift; name = "Pokemon+CoreDataProperties.swift"; path = "/Users/kevinyu/Desktop/AlamoPokemon/AlamoPokemon/Model/Pokemon+CoreDataProperties.swift"; sourceTree = "<absolute>"; };
		3F3A374C237A477200487B1C /* CoreDataManager.swift */ = {isa = PBXFileReference; fileEncoding = 4; lastKnownFileType = sourcecode.swift; path = CoreDataManager.swift; sourceTree = "<group>"; };
		3F3A374D237A477200487B1C /* CoreDataManager+Trainer.swift */ = {isa = PBXFileReference; fileEncoding = 4; lastKnownFileType = sourcecode.swift; path = "CoreDataManager+Trainer.swift"; sourceTree = "<group>"; };
		3F3A3750237A47E200487B1C /* GalleryController+ NSFetchedResultsControllerDelegate.swift */ = {isa = PBXFileReference; lastKnownFileType = sourcecode.swift; path = "GalleryController+ NSFetchedResultsControllerDelegate.swift"; sourceTree = "<group>"; };
		3F602AD12379062A006E9DF2 /* ObjectFlow.md */ = {isa = PBXFileReference; lastKnownFileType = net.daringfireball.markdown; path = ObjectFlow.md; sourceTree = "<group>"; };
		3FA5A49F2378E438007910BF /* AlamoPokemon.app */ = {isa = PBXFileReference; explicitFileType = wrapper.application; includeInIndex = 0; path = AlamoPokemon.app; sourceTree = BUILT_PRODUCTS_DIR; };
		3FA5A4A22378E438007910BF /* AppDelegate.swift */ = {isa = PBXFileReference; lastKnownFileType = sourcecode.swift; path = AppDelegate.swift; sourceTree = "<group>"; };
		3FA5A4A42378E438007910BF /* GalleryViewController.swift */ = {isa = PBXFileReference; lastKnownFileType = sourcecode.swift; path = GalleryViewController.swift; sourceTree = "<group>"; };
		3FA5A4A92378E439007910BF /* Assets.xcassets */ = {isa = PBXFileReference; lastKnownFileType = folder.assetcatalog; path = Assets.xcassets; sourceTree = "<group>"; };
		3FA5A4AC2378E439007910BF /* Base */ = {isa = PBXFileReference; lastKnownFileType = file.storyboard; name = Base; path = Base.lproj/LaunchScreen.storyboard; sourceTree = "<group>"; };
		3FA5A4AE2378E439007910BF /* Info.plist */ = {isa = PBXFileReference; lastKnownFileType = text.plist.xml; path = Info.plist; sourceTree = "<group>"; };
		3FA5A4B42378E444007910BF /* README.md */ = {isa = PBXFileReference; lastKnownFileType = net.daringfireball.markdown; path = README.md; sourceTree = "<group>"; };
		3FA5A4B52378E6D0007910BF /* GalleryController.swift */ = {isa = PBXFileReference; lastKnownFileType = sourcecode.swift; path = GalleryController.swift; sourceTree = "<group>"; };
		3FA5A4B72378E740007910BF /* GalleryViewProtocol.swift */ = {isa = PBXFileReference; lastKnownFileType = sourcecode.swift; path = GalleryViewProtocol.swift; sourceTree = "<group>"; };
		3FA5A4BA2378E757007910BF /* PokeService.swift */ = {isa = PBXFileReference; lastKnownFileType = sourcecode.swift; path = PokeService.swift; sourceTree = "<group>"; };
		3FA5A4C02378E79C007910BF /* GalleryControllerProtocol.swift */ = {isa = PBXFileReference; lastKnownFileType = sourcecode.swift; path = GalleryControllerProtocol.swift; sourceTree = "<group>"; };
		3FA5A4C52378EEFE007910BF /* PSAPI.swift */ = {isa = PBXFileReference; lastKnownFileType = sourcecode.swift; path = PSAPI.swift; sourceTree = "<group>"; };
		3FA5A4C72378EF48007910BF /* PSMonRequest.swift */ = {isa = PBXFileReference; lastKnownFileType = sourcecode.swift; path = PSMonRequest.swift; sourceTree = "<group>"; };
		3FA5A4C92378FA68007910BF /* GalleryViewController+TableView.swift */ = {isa = PBXFileReference; lastKnownFileType = sourcecode.swift; path = "GalleryViewController+TableView.swift"; sourceTree = "<group>"; };
		3FA5A4CB2378FA72007910BF /* GalleryViewController+GalleryView.swift */ = {isa = PBXFileReference; lastKnownFileType = sourcecode.swift; path = "GalleryViewController+GalleryView.swift"; sourceTree = "<group>"; };
		3FA5A4CD2378FB19007910BF /* PSImageRequest.swift */ = {isa = PBXFileReference; lastKnownFileType = sourcecode.swift; path = PSImageRequest.swift; sourceTree = "<group>"; };
		6EE8E5A1784BDE4CF520ED0C /* Pods-AlamoPokemon.release.xcconfig */ = {isa = PBXFileReference; includeInIndex = 1; lastKnownFileType = text.xcconfig; name = "Pods-AlamoPokemon.release.xcconfig"; path = "Target Support Files/Pods-AlamoPokemon/Pods-AlamoPokemon.release.xcconfig"; sourceTree = "<group>"; };
/* End PBXFileReference section */

/* Begin PBXFrameworksBuildPhase section */
		3FA5A49C2378E438007910BF /* Frameworks */ = {
			isa = PBXFrameworksBuildPhase;
			buildActionMask = 2147483647;
			files = (
				B2334F2179A23ACC161CDF92 /* Pods_AlamoPokemon.framework in Frameworks */,
			);
			runOnlyForDeploymentPostprocessing = 0;
		};
/* End PBXFrameworksBuildPhase section */

/* Begin PBXGroup section */
		0BA9C93E221A9CFA10CBBA65 /* Pods */ = {
			isa = PBXGroup;
			children = (
				38D5030F36643580E33719E6 /* Pods-AlamoPokemon.debug.xcconfig */,
				6EE8E5A1784BDE4CF520ED0C /* Pods-AlamoPokemon.release.xcconfig */,
			);
			path = Pods;
			sourceTree = "<group>";
		};
		3FA5A4962378E438007910BF = {
			isa = PBXGroup;
			children = (
				3FA5A4B42378E444007910BF /* README.md */,
				3F602AD12379062A006E9DF2 /* ObjectFlow.md */,
				3FA5A4A12378E438007910BF /* AlamoPokemon */,
				3FA5A4A02378E438007910BF /* Products */,
				0BA9C93E221A9CFA10CBBA65 /* Pods */,
				B8E296B3D28484AF21A65398 /* Frameworks */,
			);
			sourceTree = "<group>";
		};
		3FA5A4A02378E438007910BF /* Products */ = {
			isa = PBXGroup;
			children = (
				3FA5A49F2378E438007910BF /* AlamoPokemon.app */,
			);
			name = Products;
			sourceTree = "<group>";
		};
		3FA5A4A12378E438007910BF /* AlamoPokemon */ = {
			isa = PBXGroup;
			children = (
				3FA5A4BC2378E75B007910BF /* Service */,
				3FA5A4BE2378E77E007910BF /* Model */,
				3FA5A4B92378E749007910BF /* Controller */,
				3FA5A4BD2378E765007910BF /* View */,
				3FA5A4A22378E438007910BF /* AppDelegate.swift */,
				3FA5A4A92378E439007910BF /* Assets.xcassets */,
				3FA5A4AB2378E439007910BF /* LaunchScreen.storyboard */,
				3FA5A4AE2378E439007910BF /* Info.plist */,
			);
			path = AlamoPokemon;
			sourceTree = "<group>";
		};
		3FA5A4B92378E749007910BF /* Controller */ = {
			isa = PBXGroup;
			children = (
				3FA5A4BF2378E789007910BF /* ControllerProtocols */,
				3FA5A4B52378E6D0007910BF /* GalleryController.swift */,
				3F3A3750237A47E200487B1C /* GalleryController+ NSFetchedResultsControllerDelegate.swift */,
				3F3A3745237A45B900487B1C /* Pokemon.xcdatamodeld */,
			);
			path = Controller;
			sourceTree = "<group>";
		};
		3FA5A4BC2378E75B007910BF /* Service */ = {
			isa = PBXGroup;
			children = (
				3FA5A4CF2378FB34007910BF /* Service Models */,
				3FA5A4BA2378E757007910BF /* PokeService.swift */,
				3F3A374C237A477200487B1C /* CoreDataManager.swift */,
				3F3A374D237A477200487B1C /* CoreDataManager+Trainer.swift */,
			);
			path = Service;
			sourceTree = "<group>";
		};
		3FA5A4BD2378E765007910BF /* View */ = {
			isa = PBXGroup;
			children = (
				3FA5A4C22378E7A5007910BF /* ViewProtocols */,
				3FA5A4A42378E438007910BF /* GalleryViewController.swift */,
				3FA5A4C92378FA68007910BF /* GalleryViewController+TableView.swift */,
				3FA5A4CB2378FA72007910BF /* GalleryViewController+GalleryView.swift */,
			);
			path = View;
			sourceTree = "<group>";
		};
		3FA5A4BE2378E77E007910BF /* Model */ = {
			isa = PBXGroup;
			children = (
				3F3A3748237A464800487B1C /* Pokemon+CoreDataClass.swift */,
				3F3A3749237A464800487B1C /* Pokemon+CoreDataProperties.swift */,
			);
			path = Model;
			sourceTree = "<group>";
		};
		3FA5A4BF2378E789007910BF /* ControllerProtocols */ = {
			isa = PBXGroup;
			children = (
				3FA5A4C02378E79C007910BF /* GalleryControllerProtocol.swift */,
			);
			path = ControllerProtocols;
			sourceTree = "<group>";
		};
		3FA5A4C22378E7A5007910BF /* ViewProtocols */ = {
			isa = PBXGroup;
			children = (
				3FA5A4B72378E740007910BF /* GalleryViewProtocol.swift */,
			);
			path = ViewProtocols;
			sourceTree = "<group>";
		};
		3FA5A4CF2378FB34007910BF /* Service Models */ = {
			isa = PBXGroup;
			children = (
				3FA5A4C52378EEFE007910BF /* PSAPI.swift */,
				3FA5A4C72378EF48007910BF /* PSMonRequest.swift */,
				3FA5A4CD2378FB19007910BF /* PSImageRequest.swift */,
			);
			path = "Service Models";
			sourceTree = "<group>";
		};
		B8E296B3D28484AF21A65398 /* Frameworks */ = {
			isa = PBXGroup;
			children = (
				25347A90EA56DBAD12E0C858 /* Pods_AlamoPokemon.framework */,
			);
			name = Frameworks;
			sourceTree = "<group>";
		};
/* End PBXGroup section */

/* Begin PBXNativeTarget section */
		3FA5A49E2378E438007910BF /* AlamoPokemon */ = {
			isa = PBXNativeTarget;
			buildConfigurationList = 3FA5A4B12378E439007910BF /* Build configuration list for PBXNativeTarget "AlamoPokemon" */;
			buildPhases = (
				5F7E98747F5D33D3136A17A7 /* [CP] Check Pods Manifest.lock */,
				3FA5A49B2378E438007910BF /* Sources */,
				3FA5A49C2378E438007910BF /* Frameworks */,
				3FA5A49D2378E438007910BF /* Resources */,
				306F837F9D60BECB9FEA4CAF /* [CP] Embed Pods Frameworks */,
			);
			buildRules = (
			);
			dependencies = (
			);
			name = AlamoPokemon;
			productName = AlamoPokemon;
			productReference = 3FA5A49F2378E438007910BF /* AlamoPokemon.app */;
			productType = "com.apple.product-type.application";
		};
/* End PBXNativeTarget section */

/* Begin PBXProject section */
		3FA5A4972378E438007910BF /* Project object */ = {
			isa = PBXProject;
			attributes = {
				LastSwiftUpdateCheck = 1020;
				LastUpgradeCheck = 1020;
				ORGANIZATIONNAME = "K Y";
				TargetAttributes = {
					3FA5A49E2378E438007910BF = {
						CreatedOnToolsVersion = 10.2;
					};
				};
			};
			buildConfigurationList = 3FA5A49A2378E438007910BF /* Build configuration list for PBXProject "AlamoPokemon" */;
			compatibilityVersion = "Xcode 9.3";
			developmentRegion = en;
			hasScannedForEncodings = 0;
			knownRegions = (
				en,
				Base,
			);
			mainGroup = 3FA5A4962378E438007910BF;
			productRefGroup = 3FA5A4A02378E438007910BF /* Products */;
			projectDirPath = "";
			projectRoot = "";
			targets = (
				3FA5A49E2378E438007910BF /* AlamoPokemon */,
			);
		};
/* End PBXProject section */

/* Begin PBXResourcesBuildPhase section */
		3FA5A49D2378E438007910BF /* Resources */ = {
			isa = PBXResourcesBuildPhase;
			buildActionMask = 2147483647;
			files = (
				3FA5A4AD2378E439007910BF /* LaunchScreen.storyboard in Resources */,
				3FA5A4AA2378E439007910BF /* Assets.xcassets in Resources */,
			);
			runOnlyForDeploymentPostprocessing = 0;
		};
/* End PBXResourcesBuildPhase section */

/* Begin PBXShellScriptBuildPhase section */
		306F837F9D60BECB9FEA4CAF /* [CP] Embed Pods Frameworks */ = {
			isa = PBXShellScriptBuildPhase;
			buildActionMask = 2147483647;
			files = (
			);
			inputFileListPaths = (
				"${PODS_ROOT}/Target Support Files/Pods-AlamoPokemon/Pods-AlamoPokemon-frameworks-${CONFIGURATION}-input-files.xcfilelist",
			);
			name = "[CP] Embed Pods Frameworks";
			outputFileListPaths = (
				"${PODS_ROOT}/Target Support Files/Pods-AlamoPokemon/Pods-AlamoPokemon-frameworks-${CONFIGURATION}-output-files.xcfilelist",
			);
			runOnlyForDeploymentPostprocessing = 0;
			shellPath = /bin/sh;
			shellScript = "\"${PODS_ROOT}/Target Support Files/Pods-AlamoPokemon/Pods-AlamoPokemon-frameworks.sh\"\n";
			showEnvVarsInLog = 0;
		};
		5F7E98747F5D33D3136A17A7 /* [CP] Check Pods Manifest.lock */ = {
			isa = PBXShellScriptBuildPhase;
			buildActionMask = 2147483647;
			files = (
			);
			inputFileListPaths = (
			);
			inputPaths = (
				"${PODS_PODFILE_DIR_PATH}/Podfile.lock",
				"${PODS_ROOT}/Manifest.lock",
			);
			name = "[CP] Check Pods Manifest.lock";
			outputFileListPaths = (
			);
			outputPaths = (
				"$(DERIVED_FILE_DIR)/Pods-AlamoPokemon-checkManifestLockResult.txt",
			);
			runOnlyForDeploymentPostprocessing = 0;
			shellPath = /bin/sh;
			shellScript = "diff \"${PODS_PODFILE_DIR_PATH}/Podfile.lock\" \"${PODS_ROOT}/Manifest.lock\" > /dev/null\nif [ $? != 0 ] ; then\n    # print error to STDERR\n    echo \"error: The sandbox is not in sync with the Podfile.lock. Run 'pod install' or update your CocoaPods installation.\" >&2\n    exit 1\nfi\n# This output is used by Xcode 'outputs' to avoid re-running this script phase.\necho \"SUCCESS\" > \"${SCRIPT_OUTPUT_FILE_0}\"\n";
			showEnvVarsInLog = 0;
		};
/* End PBXShellScriptBuildPhase section */

/* Begin PBXSourcesBuildPhase section */
		3FA5A49B2378E438007910BF /* Sources */ = {
			isa = PBXSourcesBuildPhase;
			buildActionMask = 2147483647;
			files = (
				3FA5A4CC2378FA72007910BF /* GalleryViewController+GalleryView.swift in Sources */,
				3FA5A4B62378E6D0007910BF /* GalleryController.swift in Sources */,
				3F3A374A237A464800487B1C /* Pokemon+CoreDataClass.swift in Sources */,
				3F3A374E237A477200487B1C /* CoreDataManager.swift in Sources */,
				3FA5A4C62378EEFE007910BF /* PSAPI.swift in Sources */,
				3FA5A4A52378E438007910BF /* GalleryViewController.swift in Sources */,
				3FA5A4C12378E79C007910BF /* GalleryControllerProtocol.swift in Sources */,
				3FA5A4CA2378FA68007910BF /* GalleryViewController+TableView.swift in Sources */,
				3FA5A4B82378E740007910BF /* GalleryViewProtocol.swift in Sources */,
				3F3A3747237A45B900487B1C /* Pokemon.xcdatamodeld in Sources */,
				3F3A3751237A47E200487B1C /* GalleryController+ NSFetchedResultsControllerDelegate.swift in Sources */,
				3FA5A4C82378EF48007910BF /* PSMonRequest.swift in Sources */,
				3FA5A4A32378E438007910BF /* AppDelegate.swift in Sources */,
				3FA5A4CE2378FB19007910BF /* PSImageRequest.swift in Sources */,
				3F3A374B237A464800487B1C /* Pokemon+CoreDataProperties.swift in Sources */,
				3FA5A4BB2378E757007910BF /* PokeService.swift in Sources */,
			);
			runOnlyForDeploymentPostprocessing = 0;
		};
/* End PBXSourcesBuildPhase section */

/* Begin PBXVariantGroup section */
		3FA5A4AB2378E439007910BF /* LaunchScreen.storyboard */ = {
			isa = PBXVariantGroup;
			children = (
				3FA5A4AC2378E439007910BF /* Base */,
			);
			name = LaunchScreen.storyboard;
			sourceTree = "<group>";
		};
/* End PBXVariantGroup section */

/* Begin XCBuildConfiguration section */
		3FA5A4AF2378E439007910BF /* Debug */ = {
			isa = XCBuildConfiguration;
			buildSettings = {
				ALWAYS_SEARCH_USER_PATHS = NO;
				CLANG_ANALYZER_NONNULL = YES;
				CLANG_ANALYZER_NUMBER_OBJECT_CONVERSION = YES_AGGRESSIVE;
				CLANG_CXX_LANGUAGE_STANDARD = "gnu++14";
				CLANG_CXX_LIBRARY = "libc++";
				CLANG_ENABLE_MODULES = YES;
				CLANG_ENABLE_OBJC_ARC = YES;
				CLANG_ENABLE_OBJC_WEAK = YES;
				CLANG_WARN_BLOCK_CAPTURE_AUTORELEASING = YES;
				CLANG_WARN_BOOL_CONVERSION = YES;
				CLANG_WARN_COMMA = YES;
				CLANG_WARN_CONSTANT_CONVERSION = YES;
				CLANG_WARN_DEPRECATED_OBJC_IMPLEMENTATIONS = YES;
				CLANG_WARN_DIRECT_OBJC_ISA_USAGE = YES_ERROR;
				CLANG_WARN_DOCUMENTATION_COMMENTS = YES;
				CLANG_WARN_EMPTY_BODY = YES;
				CLANG_WARN_ENUM_CONVERSION = YES;
				CLANG_WARN_INFINITE_RECURSION = YES;
				CLANG_WARN_INT_CONVERSION = YES;
				CLANG_WARN_NON_LITERAL_NULL_CONVERSION = YES;
				CLANG_WARN_OBJC_IMPLICIT_RETAIN_SELF = YES;
				CLANG_WARN_OBJC_LITERAL_CONVERSION = YES;
				CLANG_WARN_OBJC_ROOT_CLASS = YES_ERROR;
				CLANG_WARN_RANGE_LOOP_ANALYSIS = YES;
				CLANG_WARN_STRICT_PROTOTYPES = YES;
				CLANG_WARN_SUSPICIOUS_MOVE = YES;
				CLANG_WARN_UNGUARDED_AVAILABILITY = YES_AGGRESSIVE;
				CLANG_WARN_UNREACHABLE_CODE = YES;
				CLANG_WARN__DUPLICATE_METHOD_MATCH = YES;
				CODE_SIGN_IDENTITY = "iPhone Developer";
				COPY_PHASE_STRIP = NO;
				DEBUG_INFORMATION_FORMAT = dwarf;
				ENABLE_STRICT_OBJC_MSGSEND = YES;
				ENABLE_TESTABILITY = YES;
				GCC_C_LANGUAGE_STANDARD = gnu11;
				GCC_DYNAMIC_NO_PIC = NO;
				GCC_NO_COMMON_BLOCKS = YES;
				GCC_OPTIMIZATION_LEVEL = 0;
				GCC_PREPROCESSOR_DEFINITIONS = (
					"DEBUG=1",
					"$(inherited)",
				);
				GCC_WARN_64_TO_32_BIT_CONVERSION = YES;
				GCC_WARN_ABOUT_RETURN_TYPE = YES_ERROR;
				GCC_WARN_UNDECLARED_SELECTOR = YES;
				GCC_WARN_UNINITIALIZED_AUTOS = YES_AGGRESSIVE;
				GCC_WARN_UNUSED_FUNCTION = YES;
				GCC_WARN_UNUSED_VARIABLE = YES;
				IPHONEOS_DEPLOYMENT_TARGET = 12.2;
				MTL_ENABLE_DEBUG_INFO = INCLUDE_SOURCE;
				MTL_FAST_MATH = YES;
				ONLY_ACTIVE_ARCH = YES;
				SDKROOT = iphoneos;
				SWIFT_ACTIVE_COMPILATION_CONDITIONS = DEBUG;
				SWIFT_OPTIMIZATION_LEVEL = "-Onone";
			};
			name = Debug;
		};
		3FA5A4B02378E439007910BF /* Release */ = {
			isa = XCBuildConfiguration;
			buildSettings = {
				ALWAYS_SEARCH_USER_PATHS = NO;
				CLANG_ANALYZER_NONNULL = YES;
				CLANG_ANALYZER_NUMBER_OBJECT_CONVERSION = YES_AGGRESSIVE;
				CLANG_CXX_LANGUAGE_STANDARD = "gnu++14";
				CLANG_CXX_LIBRARY = "libc++";
				CLANG_ENABLE_MODULES = YES;
				CLANG_ENABLE_OBJC_ARC = YES;
				CLANG_ENABLE_OBJC_WEAK = YES;
				CLANG_WARN_BLOCK_CAPTURE_AUTORELEASING = YES;
				CLANG_WARN_BOOL_CONVERSION = YES;
				CLANG_WARN_COMMA = YES;
				CLANG_WARN_CONSTANT_CONVERSION = YES;
				CLANG_WARN_DEPRECATED_OBJC_IMPLEMENTATIONS = YES;
				CLANG_WARN_DIRECT_OBJC_ISA_USAGE = YES_ERROR;
				CLANG_WARN_DOCUMENTATION_COMMENTS = YES;
				CLANG_WARN_EMPTY_BODY = YES;
				CLANG_WARN_ENUM_CONVERSION = YES;
				CLANG_WARN_INFINITE_RECURSION = YES;
				CLANG_WARN_INT_CONVERSION = YES;
				CLANG_WARN_NON_LITERAL_NULL_CONVERSION = YES;
				CLANG_WARN_OBJC_IMPLICIT_RETAIN_SELF = YES;
				CLANG_WARN_OBJC_LITERAL_CONVERSION = YES;
				CLANG_WARN_OBJC_ROOT_CLASS = YES_ERROR;
				CLANG_WARN_RANGE_LOOP_ANALYSIS = YES;
				CLANG_WARN_STRICT_PROTOTYPES = YES;
				CLANG_WARN_SUSPICIOUS_MOVE = YES;
				CLANG_WARN_UNGUARDED_AVAILABILITY = YES_AGGRESSIVE;
				CLANG_WARN_UNREACHABLE_CODE = YES;
				CLANG_WARN__DUPLICATE_METHOD_MATCH = YES;
				CODE_SIGN_IDENTITY = "iPhone Developer";
				COPY_PHASE_STRIP = NO;
				DEBUG_INFORMATION_FORMAT = "dwarf-with-dsym";
				ENABLE_NS_ASSERTIONS = NO;
				ENABLE_STRICT_OBJC_MSGSEND = YES;
				GCC_C_LANGUAGE_STANDARD = gnu11;
				GCC_NO_COMMON_BLOCKS = YES;
				GCC_WARN_64_TO_32_BIT_CONVERSION = YES;
				GCC_WARN_ABOUT_RETURN_TYPE = YES_ERROR;
				GCC_WARN_UNDECLARED_SELECTOR = YES;
				GCC_WARN_UNINITIALIZED_AUTOS = YES_AGGRESSIVE;
				GCC_WARN_UNUSED_FUNCTION = YES;
				GCC_WARN_UNUSED_VARIABLE = YES;
				IPHONEOS_DEPLOYMENT_TARGET = 12.2;
				MTL_ENABLE_DEBUG_INFO = NO;
				MTL_FAST_MATH = YES;
				SDKROOT = iphoneos;
				SWIFT_COMPILATION_MODE = wholemodule;
				SWIFT_OPTIMIZATION_LEVEL = "-O";
				VALIDATE_PRODUCT = YES;
			};
			name = Release;
		};
		3FA5A4B22378E439007910BF /* Debug */ = {
			isa = XCBuildConfiguration;
			baseConfigurationReference = 38D5030F36643580E33719E6 /* Pods-AlamoPokemon.debug.xcconfig */;
			buildSettings = {
				ASSETCATALOG_COMPILER_APPICON_NAME = AppIcon;
				CODE_SIGN_STYLE = Automatic;
				INFOPLIST_FILE = AlamoPokemon/Info.plist;
				IPHONEOS_DEPLOYMENT_TARGET = 12.0;
				LD_RUNPATH_SEARCH_PATHS = (
					"$(inherited)",
					"@executable_path/Frameworks",
				);
				PRODUCT_BUNDLE_IDENTIFIER = ky.AlamoPokemon;
				PRODUCT_NAME = "$(TARGET_NAME)";
				SWIFT_VERSION = 5.0;
				TARGETED_DEVICE_FAMILY = "1,2";
			};
			name = Debug;
		};
		3FA5A4B32378E439007910BF /* Release */ = {
			isa = XCBuildConfiguration;
			baseConfigurationReference = 6EE8E5A1784BDE4CF520ED0C /* Pods-AlamoPokemon.release.xcconfig */;
			buildSettings = {
				ASSETCATALOG_COMPILER_APPICON_NAME = AppIcon;
				CODE_SIGN_STYLE = Automatic;
				INFOPLIST_FILE = AlamoPokemon/Info.plist;
				IPHONEOS_DEPLOYMENT_TARGET = 12.0;
				LD_RUNPATH_SEARCH_PATHS = (
					"$(inherited)",
					"@executable_path/Frameworks",
				);
				PRODUCT_BUNDLE_IDENTIFIER = ky.AlamoPokemon;
				PRODUCT_NAME = "$(TARGET_NAME)";
				SWIFT_VERSION = 5.0;
				TARGETED_DEVICE_FAMILY = "1,2";
			};
			name = Release;
		};
/* End XCBuildConfiguration section */

/* Begin XCConfigurationList section */
		3FA5A49A2378E438007910BF /* Build configuration list for PBXProject "AlamoPokemon" */ = {
			isa = XCConfigurationList;
			buildConfigurations = (
				3FA5A4AF2378E439007910BF /* Debug */,
				3FA5A4B02378E439007910BF /* Release */,
			);
			defaultConfigurationIsVisible = 0;
			defaultConfigurationName = Release;
		};
		3FA5A4B12378E439007910BF /* Build configuration list for PBXNativeTarget "AlamoPokemon" */ = {
			isa = XCConfigurationList;
			buildConfigurations = (
				3FA5A4B22378E439007910BF /* Debug */,
				3FA5A4B32378E439007910BF /* Release */,
			);
			defaultConfigurationIsVisible = 0;
			defaultConfigurationName = Release;
		};
/* End XCConfigurationList section */

/* Begin XCVersionGroup section */
		3F3A3745237A45B900487B1C /* Pokemon.xcdatamodeld */ = {
			isa = XCVersionGroup;
			children = (
				3F3A3746237A45B900487B1C /* Pokemon.xcdatamodel */,
			);
			currentVersion = 3F3A3746237A45B900487B1C /* Pokemon.xcdatamodel */;
			path = Pokemon.xcdatamodeld;
			sourceTree = "<group>";
			versionGroupType = wrapper.xcdatamodel;
		};
/* End XCVersionGroup section */
	};
	rootObject = 3FA5A4972378E438007910BF /* Project object */;
}
